
Microsoft Visual Studio Solution File, Format Version 12.00
# Visual Studio 14
VisualStudioVersion = 14.0.25123.0
MinimumVisualStudioVersion = 10.0.40219.1
Project("{F2A71F9B-5D33-465A-A702-920D77279786}") = "QuanTemplateTest", "QuanTemplateTest\QuanTemplateTest.fsproj", "{0E2EC742-BD4F-48DC-B136-338F1C5E2F63}"
EndProject
Project("{FAE04EC0-301F-11D3-BF4B-00C04F79EFBC}") = "QuanTemplateTest.EndToEndTests", "QuanTemplateTest.EndToEndTests\QuanTemplateTest.EndToEndTests.csproj", "{6D99960C-68B0-4A0E-A3C5-FAC66CE13529}"
EndProject
Project("{F2A71F9B-5D33-465A-A702-920D77279786}") = "QuanTemplateTest.Tests", "QuanTemplateTest.Tests\QuanTemplateTest.Tests.fsproj", "{2512B742-B9AC-414E-8EF3-DCE4ED7EADC7}"
EndProject
Global
	GlobalSection(SolutionConfigurationPlatforms) = preSolution
		Debug|Any CPU = Debug|Any CPU
		Release|Any CPU = Release|Any CPU
	EndGlobalSection
	GlobalSection(ProjectConfigurationPlatforms) = postSolution
		{0E2EC742-BD4F-48DC-B136-338F1C5E2F63}.Debug|Any CPU.ActiveCfg = Debug|Any CPU
		{0E2EC742-BD4F-48DC-B136-338F1C5E2F63}.Debug|Any CPU.Build.0 = Debug|Any CPU
		{0E2EC742-BD4F-48DC-B136-338F1C5E2F63}.Release|Any CPU.ActiveCfg = Release|Any CPU
		{0E2EC742-BD4F-48DC-B136-338F1C5E2F63}.Release|Any CPU.Build.0 = Release|Any CPU
		{6D99960C-68B0-4A0E-A3C5-FAC66CE13529}.Debug|Any CPU.ActiveCfg = Debug|Any CPU
		{6D99960C-68B0-4A0E-A3C5-FAC66CE13529}.Debug|Any CPU.Build.0 = Debug|Any CPU
		{6D99960C-68B0-4A0E-A3C5-FAC66CE13529}.Release|Any CPU.ActiveCfg = Release|Any CPU
		{6D99960C-68B0-4A0E-A3C5-FAC66CE13529}.Release|Any CPU.Build.0 = Release|Any CPU
		{2512B742-B9AC-414E-8EF3-DCE4ED7EADC7}.Debug|Any CPU.ActiveCfg = Debug|Any CPU
		{2512B742-B9AC-414E-8EF3-DCE4ED7EADC7}.Debug|Any CPU.Build.0 = Debug|Any CPU
		{2512B742-B9AC-414E-8EF3-DCE4ED7EADC7}.Release|Any CPU.ActiveCfg = Release|Any CPU
		{2512B742-B9AC-414E-8EF3-DCE4ED7EADC7}.Release|Any CPU.Build.0 = Release|Any CPU
	EndGlobalSection
	GlobalSection(SolutionProperties) = preSolution
		HideSolutionNode = FALSE
	EndGlobalSection
EndGlobal
